
Microsoft Visual Studio Solution File, Format Version 12.00
# Visual Studio Version 16
VisualStudioVersion = 16.0.31410.357
MinimumVisualStudioVersion = 10.0.40219.1
Project("{FAE04EC0-301F-11D3-BF4B-00C04F79EFBC}") = "TodoCLI", "TodoCLI.csproj", "{9461337F-8991-4A36-90BB-168EC71E530A}"
EndProject
Global
	GlobalSection(SolutionConfigurationPlatforms) = preSolution
		Debug|Any CPU = Debug|Any CPU
		Release|Any CPU = Release|Any CPU
	EndGlobalSection
	GlobalSection(ProjectConfigurationPlatforms) = postSolution
		{9461337F-8991-4A36-90BB-168EC71E530A}.Debug|Any CPU.ActiveCfg = Debug|Any CPU
		{9461337F-8991-4A36-90BB-168EC71E530A}.Debug|Any CPU.Build.0 = Debug|Any CPU
		{9461337F-8991-4A36-90BB-168EC71E530A}.Release|Any CPU.ActiveCfg = Release|Any CPU
		{9461337F-8991-4A36-90BB-168EC71E530A}.Release|Any CPU.Build.0 = Release|Any CPU
	EndGlobalSection
	GlobalSection(SolutionProperties) = preSolution
		HideSolutionNode = FALSE
	EndGlobalSection
	GlobalSection(ExtensibilityGlobals) = postSolution
		SolutionGuid = {AFEAB299-3666-4488-BD36-0262611A2610}
	EndGlobalSection
EndGlobal
